
Microsoft Visual Studio Solution File, Format Version 12.00
# Visual Studio Version 17
VisualStudioVersion = 17.0.31903.59
MinimumVisualStudioVersion = 10.0.40219.1
Project("{9A19103F-16F7-4668-BE54-9A1E7A4F7556}") = "Automata", "Automata\Automata.csproj", "{2DFA33E5-D713-4FF1-B1F7-595481DB0C0E}"
EndProject
Project("{9A19103F-16F7-4668-BE54-9A1E7A4F7556}") = "ExpressionTree", "Expression Tree\ExpressionTree.csproj", "{D5DB6755-8F52-42AC-9398-E83802F5FBB2}"
EndProject
Project("{FAE04EC0-301F-11D3-BF4B-00C04F79EFBC}") = "ExpressionTree.Example", "ExpressionTree.Example\ExpressionTree.Example.csproj", "{FAC4979F-FC87-4628-AF6E-C3F89D254B00}"
EndProject
Global
	GlobalSection(SolutionConfigurationPlatforms) = preSolution
		Debug|Any CPU = Debug|Any CPU
		Release|Any CPU = Release|Any CPU
	EndGlobalSection
	GlobalSection(ProjectConfigurationPlatforms) = postSolution
		{2DFA33E5-D713-4FF1-B1F7-595481DB0C0E}.Debug|Any CPU.ActiveCfg = Debug|Any CPU
		{2DFA33E5-D713-4FF1-B1F7-595481DB0C0E}.Debug|Any CPU.Build.0 = Debug|Any CPU
		{2DFA33E5-D713-4FF1-B1F7-595481DB0C0E}.Release|Any CPU.ActiveCfg = Release|Any CPU
		{2DFA33E5-D713-4FF1-B1F7-595481DB0C0E}.Release|Any CPU.Build.0 = Release|Any CPU
		{D5DB6755-8F52-42AC-9398-E83802F5FBB2}.Debug|Any CPU.ActiveCfg = Debug|Any CPU
		{D5DB6755-8F52-42AC-9398-E83802F5FBB2}.Debug|Any CPU.Build.0 = Debug|Any CPU
		{D5DB6755-8F52-42AC-9398-E83802F5FBB2}.Release|Any CPU.ActiveCfg = Release|Any CPU
		{D5DB6755-8F52-42AC-9398-E83802F5FBB2}.Release|Any CPU.Build.0 = Release|Any CPU
		{FAC4979F-FC87-4628-AF6E-C3F89D254B00}.Debug|Any CPU.ActiveCfg = Debug|Any CPU
		{FAC4979F-FC87-4628-AF6E-C3F89D254B00}.Debug|Any CPU.Build.0 = Debug|Any CPU
		{FAC4979F-FC87-4628-AF6E-C3F89D254B00}.Release|Any CPU.ActiveCfg = Release|Any CPU
		{FAC4979F-FC87-4628-AF6E-C3F89D254B00}.Release|Any CPU.Build.0 = Release|Any CPU
	EndGlobalSection
	GlobalSection(SolutionProperties) = preSolution
		HideSolutionNode = FALSE
	EndGlobalSection
	GlobalSection(ExtensibilityGlobals) = postSolution
		SolutionGuid = {7B378273-971B-47C0-8367-4A7EB49256D4}
	EndGlobalSection
EndGlobal
